
Microsoft Visual Studio Solution File, Format Version 12.00
# Visual Studio Version 17
VisualStudioVersion = 17.7.33808.371
MinimumVisualStudioVersion = 10.0.40219.1
Project("{9A19103F-16F7-4668-BE54-9A1E7A4F7556}") = "Thread", "Thread\Thread.csproj", "{E4A61873-6CCC-47D5-B37F-A0B8F732ED50}"
EndProject
Project("{9A19103F-16F7-4668-BE54-9A1E7A4F7556}") = "ThreadPool", "ThreadPool\ThreadPool.csproj", "{19CD3880-7CD3-4E9A-9F45-C61F8F250F18}"
EndProject
Project("{9A19103F-16F7-4668-BE54-9A1E7A4F7556}") = "ThreadPoolV2", "ThreadPoolV2\ThreadPoolV2.csproj", "{5B6602FA-BAE6-453C-8057-477E7861AC70}"
EndProject
Project("{FAE04EC0-301F-11D3-BF4B-00C04F79EFBC}") = "TaskFactory", "TaskFactory\TaskFactory.csproj", "{D0367683-8DBF-47F0-9876-82B2B28B11AF}"
EndProject
Project("{FAE04EC0-301F-11D3-BF4B-00C04F79EFBC}") = "TaskScheduler", "TaskScheduler\TaskScheduler.csproj", "{6B1553CA-FBF7-492A-8EE2-CBFBE161BF9B}"
EndProject
Project("{FAE04EC0-301F-11D3-BF4B-00C04F79EFBC}") = "ChildTasks", "ChildTasks\ChildTasks.csproj", "{89AC7FC1-075E-4A90-B5DD-E1770108A7FD}"
EndProject
Global
	GlobalSection(SolutionConfigurationPlatforms) = preSolution
		Debug|Any CPU = Debug|Any CPU
		Release|Any CPU = Release|Any CPU
	EndGlobalSection
	GlobalSection(ProjectConfigurationPlatforms) = postSolution
		{E4A61873-6CCC-47D5-B37F-A0B8F732ED50}.Debug|Any CPU.ActiveCfg = Debug|Any CPU
		{E4A61873-6CCC-47D5-B37F-A0B8F732ED50}.Debug|Any CPU.Build.0 = Debug|Any CPU
		{E4A61873-6CCC-47D5-B37F-A0B8F732ED50}.Release|Any CPU.ActiveCfg = Release|Any CPU
		{E4A61873-6CCC-47D5-B37F-A0B8F732ED50}.Release|Any CPU.Build.0 = Release|Any CPU
		{19CD3880-7CD3-4E9A-9F45-C61F8F250F18}.Debug|Any CPU.ActiveCfg = Debug|Any CPU
		{19CD3880-7CD3-4E9A-9F45-C61F8F250F18}.Debug|Any CPU.Build.0 = Debug|Any CPU
		{19CD3880-7CD3-4E9A-9F45-C61F8F250F18}.Release|Any CPU.ActiveCfg = Release|Any CPU
		{19CD3880-7CD3-4E9A-9F45-C61F8F250F18}.Release|Any CPU.Build.0 = Release|Any CPU
		{5B6602FA-BAE6-453C-8057-477E7861AC70}.Debug|Any CPU.ActiveCfg = Debug|Any CPU
		{5B6602FA-BAE6-453C-8057-477E7861AC70}.Debug|Any CPU.Build.0 = Debug|Any CPU
		{5B6602FA-BAE6-453C-8057-477E7861AC70}.Release|Any CPU.ActiveCfg = Release|Any CPU
		{5B6602FA-BAE6-453C-8057-477E7861AC70}.Release|Any CPU.Build.0 = Release|Any CPU
		{D0367683-8DBF-47F0-9876-82B2B28B11AF}.Debug|Any CPU.ActiveCfg = Debug|Any CPU
		{D0367683-8DBF-47F0-9876-82B2B28B11AF}.Debug|Any CPU.Build.0 = Debug|Any CPU
		{D0367683-8DBF-47F0-9876-82B2B28B11AF}.Release|Any CPU.ActiveCfg = Release|Any CPU
		{D0367683-8DBF-47F0-9876-82B2B28B11AF}.Release|Any CPU.Build.0 = Release|Any CPU
		{6B1553CA-FBF7-492A-8EE2-CBFBE161BF9B}.Debug|Any CPU.ActiveCfg = Debug|Any CPU
		{6B1553CA-FBF7-492A-8EE2-CBFBE161BF9B}.Debug|Any CPU.Build.0 = Debug|Any CPU
		{6B1553CA-FBF7-492A-8EE2-CBFBE161BF9B}.Release|Any CPU.ActiveCfg = Release|Any CPU
		{6B1553CA-FBF7-492A-8EE2-CBFBE161BF9B}.Release|Any CPU.Build.0 = Release|Any CPU
		{89AC7FC1-075E-4A90-B5DD-E1770108A7FD}.Debug|Any CPU.ActiveCfg = Debug|Any CPU
		{89AC7FC1-075E-4A90-B5DD-E1770108A7FD}.Debug|Any CPU.Build.0 = Debug|Any CPU
		{89AC7FC1-075E-4A90-B5DD-E1770108A7FD}.Release|Any CPU.ActiveCfg = Release|Any CPU
		{89AC7FC1-075E-4A90-B5DD-E1770108A7FD}.Release|Any CPU.Build.0 = Release|Any CPU
	EndGlobalSection
	GlobalSection(SolutionProperties) = preSolution
		HideSolutionNode = FALSE
	EndGlobalSection
	GlobalSection(ExtensibilityGlobals) = postSolution
		SolutionGuid = {D3731BAE-FBDE-465D-AC04-61055D3330D0}
	EndGlobalSection
EndGlobal
